
Microsoft Visual Studio Solution File, Format Version 12.00
# Visual Studio Version 17
VisualStudioVersion = 17.13.35931.197 d17.13
MinimumVisualStudioVersion = 10.0.40219.1
Project("{FAE04EC0-301F-11D3-BF4B-00C04F79EFBC}") = "ShopDongY", "ShopDongY.csproj", "{BFD2FE82-1993-4BCC-818A-4A2D07963AE5}"
EndProject
Global
	GlobalSection(SolutionConfigurationPlatforms) = preSolution
		Debug|Any CPU = Debug|Any CPU
		Release|Any CPU = Release|Any CPU
	EndGlobalSection
	GlobalSection(ProjectConfigurationPlatforms) = postSolution
		{BFD2FE82-1993-4BCC-818A-4A2D07963AE5}.Debug|Any CPU.ActiveCfg = Debug|Any CPU
		{BFD2FE82-1993-4BCC-818A-4A2D07963AE5}.Debug|Any CPU.Build.0 = Debug|Any CPU
		{BFD2FE82-1993-4BCC-818A-4A2D07963AE5}.Release|Any CPU.ActiveCfg = Release|Any CPU
		{BFD2FE82-1993-4BCC-818A-4A2D07963AE5}.Release|Any CPU.Build.0 = Release|Any CPU
	EndGlobalSection
	GlobalSection(SolutionProperties) = preSolution
		HideSolutionNode = FALSE
	EndGlobalSection
	GlobalSection(ExtensibilityGlobals) = postSolution
		SolutionGuid = {27AEBAAD-7318-4804-8B35-AE95275F3A18}
	EndGlobalSection
EndGlobal
